
Microsoft Visual Studio Solution File, Format Version 12.00
# Visual Studio Version 17
VisualStudioVersion = 17.11.35327.3
MinimumVisualStudioVersion = 10.0.40219.1
Project("{FAE04EC0-301F-11D3-BF4B-00C04F79EFBC}") = "OnlineStore.View", "OnlineStore.View\OnlineStore.View.csproj", "{BE386FB2-2D0D-4D3D-998E-C05DA0B120AF}"
EndProject
Project("{FAE04EC0-301F-11D3-BF4B-00C04F79EFBC}") = "OnlineStore.Managers", "OnlineStore.Managers\OnlineStore.Managers.csproj", "{0B5F5AD7-9AA0-4C3C-AC12-E691FDEB90A2}"
EndProject
Project("{FAE04EC0-301F-11D3-BF4B-00C04F79EFBC}") = "OnlineStore.Engines", "OnlineStore.Engines\OnlineStore.Engines.csproj", "{C8AE854E-FB93-4807-8F84-9FFF1B5B85BA}"
EndProject
Project("{FAE04EC0-301F-11D3-BF4B-00C04F79EFBC}") = "OnlineStore.Accessors", "OnlineStore.Accessors\OnlineStore.Accessors.csproj", "{7F53000A-4611-4852-BA51-EDEDBF61A424}"
EndProject
Project("{FAE04EC0-301F-11D3-BF4B-00C04F79EFBC}") = "OnlineStore.Tests", "OnlineStore.Tests\OnlineStore.Tests.csproj", "{D8EB759A-C681-4868-B0CB-CE5C4FCE7EAA}"
EndProject
Global
	GlobalSection(SolutionConfigurationPlatforms) = preSolution
		Debug|Any CPU = Debug|Any CPU
		Release|Any CPU = Release|Any CPU
	EndGlobalSection
	GlobalSection(ProjectConfigurationPlatforms) = postSolution
		{BE386FB2-2D0D-4D3D-998E-C05DA0B120AF}.Debug|Any CPU.ActiveCfg = Debug|Any CPU
		{BE386FB2-2D0D-4D3D-998E-C05DA0B120AF}.Debug|Any CPU.Build.0 = Debug|Any CPU
		{BE386FB2-2D0D-4D3D-998E-C05DA0B120AF}.Release|Any CPU.ActiveCfg = Release|Any CPU
		{BE386FB2-2D0D-4D3D-998E-C05DA0B120AF}.Release|Any CPU.Build.0 = Release|Any CPU
		{0B5F5AD7-9AA0-4C3C-AC12-E691FDEB90A2}.Debug|Any CPU.ActiveCfg = Debug|Any CPU
		{0B5F5AD7-9AA0-4C3C-AC12-E691FDEB90A2}.Debug|Any CPU.Build.0 = Debug|Any CPU
		{0B5F5AD7-9AA0-4C3C-AC12-E691FDEB90A2}.Release|Any CPU.ActiveCfg = Release|Any CPU
		{0B5F5AD7-9AA0-4C3C-AC12-E691FDEB90A2}.Release|Any CPU.Build.0 = Release|Any CPU
		{C8AE854E-FB93-4807-8F84-9FFF1B5B85BA}.Debug|Any CPU.ActiveCfg = Debug|Any CPU
		{C8AE854E-FB93-4807-8F84-9FFF1B5B85BA}.Debug|Any CPU.Build.0 = Debug|Any CPU
		{C8AE854E-FB93-4807-8F84-9FFF1B5B85BA}.Release|Any CPU.ActiveCfg = Release|Any CPU
		{C8AE854E-FB93-4807-8F84-9FFF1B5B85BA}.Release|Any CPU.Build.0 = Release|Any CPU
		{7F53000A-4611-4852-BA51-EDEDBF61A424}.Debug|Any CPU.ActiveCfg = Debug|Any CPU
		{7F53000A-4611-4852-BA51-EDEDBF61A424}.Debug|Any CPU.Build.0 = Debug|Any CPU
		{7F53000A-4611-4852-BA51-EDEDBF61A424}.Release|Any CPU.ActiveCfg = Release|Any CPU
		{7F53000A-4611-4852-BA51-EDEDBF61A424}.Release|Any CPU.Build.0 = Release|Any CPU
		{D8EB759A-C681-4868-B0CB-CE5C4FCE7EAA}.Debug|Any CPU.ActiveCfg = Debug|Any CPU
		{D8EB759A-C681-4868-B0CB-CE5C4FCE7EAA}.Debug|Any CPU.Build.0 = Debug|Any CPU
		{D8EB759A-C681-4868-B0CB-CE5C4FCE7EAA}.Release|Any CPU.ActiveCfg = Release|Any CPU
		{D8EB759A-C681-4868-B0CB-CE5C4FCE7EAA}.Release|Any CPU.Build.0 = Release|Any CPU
	EndGlobalSection
	GlobalSection(SolutionProperties) = preSolution
		HideSolutionNode = FALSE
	EndGlobalSection
	GlobalSection(ExtensibilityGlobals) = postSolution
		SolutionGuid = {DED8D54E-C2C7-4EB7-A432-E8DE6A40AADD}
	EndGlobalSection
EndGlobal
